
Microsoft Visual Studio Solution File, Format Version 12.00
# Visual Studio Version 16
VisualStudioVersion = 16.0.32510.428
MinimumVisualStudioVersion = 10.0.40219.1
Project("{FAE04EC0-301F-11D3-BF4B-00C04F79EFBC}") = "PolymorphismeCsharp", "PolymorphismeCsharp\PolymorphismeCsharp.csproj", "{227B081E-7EDA-4428-B07E-1854673C3190}"
EndProject
Global
	GlobalSection(SolutionConfigurationPlatforms) = preSolution
		Debug|Any CPU = Debug|Any CPU
		Release|Any CPU = Release|Any CPU
	EndGlobalSection
	GlobalSection(ProjectConfigurationPlatforms) = postSolution
		{227B081E-7EDA-4428-B07E-1854673C3190}.Debug|Any CPU.ActiveCfg = Debug|Any CPU
		{227B081E-7EDA-4428-B07E-1854673C3190}.Debug|Any CPU.Build.0 = Debug|Any CPU
		{227B081E-7EDA-4428-B07E-1854673C3190}.Release|Any CPU.ActiveCfg = Release|Any CPU
		{227B081E-7EDA-4428-B07E-1854673C3190}.Release|Any CPU.Build.0 = Release|Any CPU
	EndGlobalSection
	GlobalSection(SolutionProperties) = preSolution
		HideSolutionNode = FALSE
	EndGlobalSection
	GlobalSection(ExtensibilityGlobals) = postSolution
		SolutionGuid = {ED18A178-88E0-410C-AA13-9E1A09097D70}
	EndGlobalSection
EndGlobal
